
Microsoft Visual Studio Solution File, Format Version 12.00
Project("{FAE04EC0-301F-11D3-BF4B-00C04F79EFBC}") = "Restaurant.DAL", "Restaurant.DAL\Restaurant.DAL.csproj", "{466B78C5-BA5B-4F66-B38D-B6226F84A8DC}"
EndProject
Project("{FAE04EC0-301F-11D3-BF4B-00C04F79EFBC}") = "Restaurant.BLL", "Restaurant.BLL\Restaurant.BLL.csproj", "{6CB0333F-FC4F-4216-A2F6-C173F1EA809F}"
EndProject
Project("{FAE04EC0-301F-11D3-BF4B-00C04F79EFBC}") = "WebApplication", "WebApplication\WebApplication.csproj", "{16C45284-F924-4EA8-AFFE-48F9BF3932B9}"
EndProject
Project("{FAE04EC0-301F-11D3-BF4B-00C04F79EFBC}") = "ASP.NETCoreWebApplication", "ASP.NETCoreWebApplication\ASP.NETCoreWebApplication.csproj", "{2096752E-CAD6-4524-B5D1-DBDEE0778859}"
EndProject
Global
	GlobalSection(SolutionConfigurationPlatforms) = preSolution
		Debug|Any CPU = Debug|Any CPU
		Release|Any CPU = Release|Any CPU
	EndGlobalSection
	GlobalSection(ProjectConfigurationPlatforms) = postSolution
		{466B78C5-BA5B-4F66-B38D-B6226F84A8DC}.Debug|Any CPU.ActiveCfg = Debug|Any CPU
		{466B78C5-BA5B-4F66-B38D-B6226F84A8DC}.Debug|Any CPU.Build.0 = Debug|Any CPU
		{466B78C5-BA5B-4F66-B38D-B6226F84A8DC}.Release|Any CPU.ActiveCfg = Release|Any CPU
		{466B78C5-BA5B-4F66-B38D-B6226F84A8DC}.Release|Any CPU.Build.0 = Release|Any CPU
		{6CB0333F-FC4F-4216-A2F6-C173F1EA809F}.Debug|Any CPU.ActiveCfg = Debug|Any CPU
		{6CB0333F-FC4F-4216-A2F6-C173F1EA809F}.Debug|Any CPU.Build.0 = Debug|Any CPU
		{6CB0333F-FC4F-4216-A2F6-C173F1EA809F}.Release|Any CPU.ActiveCfg = Release|Any CPU
		{6CB0333F-FC4F-4216-A2F6-C173F1EA809F}.Release|Any CPU.Build.0 = Release|Any CPU
		{16C45284-F924-4EA8-AFFE-48F9BF3932B9}.Debug|Any CPU.ActiveCfg = Debug|Any CPU
		{16C45284-F924-4EA8-AFFE-48F9BF3932B9}.Debug|Any CPU.Build.0 = Debug|Any CPU
		{16C45284-F924-4EA8-AFFE-48F9BF3932B9}.Release|Any CPU.ActiveCfg = Release|Any CPU
		{16C45284-F924-4EA8-AFFE-48F9BF3932B9}.Release|Any CPU.Build.0 = Release|Any CPU
		{2096752E-CAD6-4524-B5D1-DBDEE0778859}.Debug|Any CPU.ActiveCfg = Debug|Any CPU
		{2096752E-CAD6-4524-B5D1-DBDEE0778859}.Debug|Any CPU.Build.0 = Debug|Any CPU
		{2096752E-CAD6-4524-B5D1-DBDEE0778859}.Release|Any CPU.ActiveCfg = Release|Any CPU
		{2096752E-CAD6-4524-B5D1-DBDEE0778859}.Release|Any CPU.Build.0 = Release|Any CPU
	EndGlobalSection
EndGlobal
